%{"bus": {:hex, :bus, "0.1.4", "52ae883734ae94badc7c01a7884f9c5a9040d7e8eda63a321b04746764a8e09e", [:mix], []},
  "elixir_make": {:hex, :elixir_make, "0.3.0", "285147fa943806eee82f6680b7b446b5569bcf3ee8328fa0a7c200ffc44fbaba", [:mix], []},
  "gen_stage": {:hex, :gen_stage, "0.5.0", "758068f3a81286e342a609d668e9624714c2e4d43cc26699ead04d1680fde6c6", [:mix], []},
  "httpotion": {:hex, :httpotion, "3.0.1", "6165e7fe4052dfeadd4b480e4ed6619975242ac91d577e4868af92613f9e99df", [:mix], [{:ibrowse, "~> 4.2", [hex: :ibrowse, optional: false]}]},
  "ibrowse": {:hex, :ibrowse, "4.2.2", "b32b5bafcc77b7277eff030ed32e1acc3f610c64e9f6aea19822abcadf681b4b", [:rebar3], []},
  "nerves_lib": {:git, "https://github.com/nerves-project/nerves_lib.git", "78b9e489af7df25c162d4a1130569e7cc301cb48", []},
  "nerves_uart": {:hex, :nerves_uart, "0.1.1", "32e6186b1a1b1d744631126df0b6c4049ddde5b04bc0303de29ab86a2edf60a2", [:mix, :make], [{:elixir_make, "~> 0.3", [hex: :elixir_make, optional: false]}]},
  "poison": {:hex, :poison, "2.2.0", "4763b69a8a77bd77d26f477d196428b741261a761257ff1cf92753a0d4d24a63", [:mix], []}}
